
Microsoft Visual Studio Solution File, Format Version 12.00
# Visual Studio 15
VisualStudioVersion = 15.0.27004.2009
MinimumVisualStudioVersion = 10.0.40219.1
Project("{FAE04EC0-301F-11D3-BF4B-00C04F79EFBC}") = "FacebookChat", "FacebookChat\FacebookChat.csproj", "{86C73496-233C-4625-82BF-5EDC2761DA43}"
EndProject
Global
	GlobalSection(SolutionConfigurationPlatforms) = preSolution
		Debug|Any CPU = Debug|Any CPU
		Release|Any CPU = Release|Any CPU
	EndGlobalSection
	GlobalSection(ProjectConfigurationPlatforms) = postSolution
		{86C73496-233C-4625-82BF-5EDC2761DA43}.Debug|Any CPU.ActiveCfg = Debug|Any CPU
		{86C73496-233C-4625-82BF-5EDC2761DA43}.Debug|Any CPU.Build.0 = Debug|Any CPU
		{86C73496-233C-4625-82BF-5EDC2761DA43}.Release|Any CPU.ActiveCfg = Release|Any CPU
		{86C73496-233C-4625-82BF-5EDC2761DA43}.Release|Any CPU.Build.0 = Release|Any CPU
	EndGlobalSection
	GlobalSection(SolutionProperties) = preSolution
		HideSolutionNode = FALSE
	EndGlobalSection
	GlobalSection(ExtensibilityGlobals) = postSolution
		SolutionGuid = {784A0B30-431C-4157-8629-CB7D4DD2D1FA}
	EndGlobalSection
EndGlobal
